lockfileVersion: '9.0'

settings:
  autoInstallPeers: true
  excludeLinksFromLockfile: false

importers:

  .:
    dependencies:
      guy:
        specifier: ^14.2.0
        version: 14.2.0
      interlex:
        specifier: ~0.14.0
        version: 0.14.0

packages:

  cleartype@0.0.7:
    resolution: {integrity: sha512-RoPd7mvyF4K4BiWktnNhPUkIdVE0RoRmpkga3JJpc4TWkPFdy1gcU41gCog2Ot/PPzQWAPFXtcqC1316fAAuZg==}

  guy@14.2.0:
    resolution: {integrity: sha512-3b3TgmxfspcLULdJ4oOw8uD6hNnVJ4aFJnzoWSHigil+y1UGb3/otrrZcPDQaiL5LRzaJsRi/6AorNOf/F4VtA==}

  interlex@0.14.0:
    resolution: {integrity: sha512-vHzk2pVZrbv6OWEwVh7JEScKt7dbabniojQ1H2NUYn+XtKvKs3ifOfW3E5cDnRLUvSsCqwnQCq6FE3E5BUTcug==}

  intertype-legacy@7.7.1:
    resolution: {integrity: sha512-Bj3k9bCu8vA6JLIvnCrJXOdkecgY5wtCmORclJ87uq22N53swREHT5bezSeK5TwcxgSJEDg2wEfcn4kNr9Qv8A==}

  loupe@3.2.1:
    resolution: {integrity: sha512-CdzqowRJCeLU72bHvWqwRBBlLcMEtIvGrlvef74kMnV2AolS9Y8xUv1I0U/MNAWMhBlKIoyuEgoJ0t/bbwHbLQ==}

  multimix@5.0.0:
    resolution: {integrity: sha512-N9cdGSDDD7kxOV7R6e4iZqsHTZ4F4iiSDWqMcVqx4gEH6HBtRXav39Gj3fgT1YqvBcwPCQuf0Oa5R2cDaLWK8A==}

  normalize-function-arguments@0.0.11:
    resolution: {integrity: sha512-0YF49+WVwATNqQqzl42tAb3dwb4a++grXqIOnvF9H/Tf+xhRZ14pSVbyCHlznaMk4lRfxFTkNUKgZJZ7Wa4ADw==}

  regex-utilities@2.3.0:
    resolution: {integrity: sha512-8VhliFJAWRaUiVvREIiW2NXXTmHs4vMNnSzuJVhscgmGav3g9VDxLrQndI3dZZVVdp0ZO/5v0xmX516/7M9cng==}

  regex@6.1.0:
    resolution: {integrity: sha512-6VwtthbV4o/7+OaAF9I5L5V3llLEsoPyq9P1JVXkedTP33c7MfCG0/5NOPcSJn0TzXcG9YUrR0gQSWioew3LDg==}

snapshots:

  cleartype@0.0.7:
    dependencies:
      loupe: 3.2.1

  guy@14.2.0:
    dependencies:
      intertype-legacy: 7.7.1

  interlex@0.14.0:
    dependencies:
      cleartype: 0.0.7
      loupe: 3.2.1
      normalize-function-arguments: 0.0.11
      regex: 6.1.0

  intertype-legacy@7.7.1:
    dependencies:
      multimix: 5.0.0

  loupe@3.2.1: {}

  multimix@5.0.0: {}

  normalize-function-arguments@0.0.11:
    dependencies:
      loupe: 3.2.1

  regex-utilities@2.3.0: {}

  regex@6.1.0:
    dependencies:
      regex-utilities: 2.3.0
